
Microsoft Visual Studio Solution File, Format Version 12.00
# Visual Studio Version 17
VisualStudioVersion = 17.9.34701.34
MinimumVisualStudioVersion = 10.0.40219.1
Project("{FAE04EC0-301F-11D3-BF4B-00C04F79EFBC}") = "oopilabceas", "oopilabceas.csproj", "{ED86156C-D5F4-4220-A9FA-4F8962EA292E}"
EndProject
Global
	GlobalSection(SolutionConfigurationPlatforms) = preSolution
		Debug|Any CPU = Debug|Any CPU
		Release|Any CPU = Release|Any CPU
	EndGlobalSection
	GlobalSection(ProjectConfigurationPlatforms) = postSolution
		{ED86156C-D5F4-4220-A9FA-4F8962EA292E}.Debug|Any CPU.ActiveCfg = Debug|Any CPU
		{ED86156C-D5F4-4220-A9FA-4F8962EA292E}.Debug|Any CPU.Build.0 = Debug|Any CPU
		{ED86156C-D5F4-4220-A9FA-4F8962EA292E}.Release|Any CPU.ActiveCfg = Release|Any CPU
		{ED86156C-D5F4-4220-A9FA-4F8962EA292E}.Release|Any CPU.Build.0 = Release|Any CPU
	EndGlobalSection
	GlobalSection(SolutionProperties) = preSolution
		HideSolutionNode = FALSE
	EndGlobalSection
	GlobalSection(ExtensibilityGlobals) = postSolution
		SolutionGuid = {D13E0A20-36C4-4BE4-9C15-E4709842D46E}
	EndGlobalSection
EndGlobal
